
Microsoft Visual Studio Solution File, Format Version 12.00
# Visual Studio Version 16
VisualStudioVersion = 16.0.31129.286
MinimumVisualStudioVersion = 10.0.40219.1
Project("{FAE04EC0-301F-11D3-BF4B-00C04F79EFBC}") = "Exception", "Exception\Exception.csproj", "{0CA37A8E-65FC-4B74-9E06-D7F28AA5EB76}"
EndProject
Global
	GlobalSection(SolutionConfigurationPlatforms) = preSolution
		Debug|Any CPU = Debug|Any CPU
		Release|Any CPU = Release|Any CPU
	EndGlobalSection
	GlobalSection(ProjectConfigurationPlatforms) = postSolution
		{0CA37A8E-65FC-4B74-9E06-D7F28AA5EB76}.Debug|Any CPU.ActiveCfg = Debug|Any CPU
		{0CA37A8E-65FC-4B74-9E06-D7F28AA5EB76}.Debug|Any CPU.Build.0 = Debug|Any CPU
		{0CA37A8E-65FC-4B74-9E06-D7F28AA5EB76}.Release|Any CPU.ActiveCfg = Release|Any CPU
		{0CA37A8E-65FC-4B74-9E06-D7F28AA5EB76}.Release|Any CPU.Build.0 = Release|Any CPU
	EndGlobalSection
	GlobalSection(SolutionProperties) = preSolution
		HideSolutionNode = FALSE
	EndGlobalSection
	GlobalSection(ExtensibilityGlobals) = postSolution
		SolutionGuid = {7317687A-DA26-4E80-9BB9-A790059C4177}
	EndGlobalSection
EndGlobal
